{
  "lockfileVersion": 1,
  "configVersion": 1,
  "workspaces": {
    "": {
      "dependencies": {
        "@opencode-ai/plugin": "1.1.15",
      },
    },
  },
  "packages": {
    "@opencode-ai/plugin": ["@opencode-ai/plugin@1.1.15", "", { "dependencies": { "@opencode-ai/sdk": "1.1.15", "zod": "4.1.8" } }, "sha512-u0OeDJ9NN1kGo4Hxaqct5KJT6H3yDhbeoVyqz7dczTxyDYvp+7DjwG9crM0LOl4YlNYbbV2wRSnJ4UEXv9SIww=="],

    "@opencode-ai/sdk": ["@opencode-ai/sdk@1.1.15", "", {}, "sha512-9G0FTWELgyMKWKSAihiyNu/h352L5smrMOSexS05EG+knU+aBTGil3pytbgo69OgJGUWpY0onfCg2QwYaFGUug=="],

    "zod": ["zod@4.1.8", "", {}, "sha512-5R1P+WwQqmmMIEACyzSvo4JXHY5WiAFHRMg+zBZKgKS+Q1viRa0C1hmUKtHltoIFKtIdki3pRxkmpP74jnNYHQ=="],
  }
}
