{
  "lockfileVersion": 1,
  "configVersion": 1,
  "workspaces": {
    "": {
      "dependencies": {
        "@opencode-ai/plugin": "1.1.19",
      },
    },
  },
  "packages": {
    "@opencode-ai/plugin": ["@opencode-ai/plugin@1.1.19", "", { "dependencies": { "@opencode-ai/sdk": "1.1.19", "zod": "4.1.8" } }, "sha512-Q6qBEjHb/dJMEw4BUqQxEswTMxCCHUpFMMb6jR8HTTs8X/28XRkKt5pHNPA82GU65IlSoPRph+zd8LReBDN53Q=="],

    "@opencode-ai/sdk": ["@opencode-ai/sdk@1.1.19", "", {}, "sha512-XhZhFuvlLCqDpvNtUEjOsi/wvFj3YCXb1dySp+OONQRMuHlorNYnNa7P2A2ntKuhRdGT1Xt5na0nFzlUyNw+4A=="],

    "zod": ["zod@4.1.8", "", {}, "sha512-5R1P+WwQqmmMIEACyzSvo4JXHY5WiAFHRMg+zBZKgKS+Q1viRa0C1hmUKtHltoIFKtIdki3pRxkmpP74jnNYHQ=="],
  }
}
